// !$*UTF8*$!
{
	archiveVersion = 1;
	classes = {
	};
	objectVersion = 48;
	objects = {

/* Begin PBXBuildFile section */
		D51C792C200B0BFA00A73174 /* AppDelegate.swift in Sources */ = {isa = PBXBuildFile; fileRef = D51C792B200B0BFA00A73174 /* AppDelegate.swift */; };
		D51C792E200B0BFA00A73174 /* ViewController.swift in Sources */ = {isa = PBXBuildFile; fileRef = D51C792D200B0BFA00A73174 /* ViewController.swift */; };
		D51C7931200B0BFA00A73174 /* Main.storyboard in Resources */ = {isa = PBXBuildFile; fileRef = D51C792F200B0BFA00A73174 /* Main.storyboard */; };
		D51C7933200B0BFA00A73174 /* Assets.xcassets in Resources */ = {isa = PBXBuildFile; fileRef = D51C7932200B0BFA00A73174 /* Assets.xcassets */; };
		D51C7936200B0BFA00A73174 /* LaunchScreen.storyboard in Resources */ = {isa = PBXBuildFile; fileRef = D51C7934200B0BFA00A73174 /* LaunchScreen.storyboard */; };
/* End PBXBuildFile section */

/* Begin PBXFileReference section */
		D51C7928200B0BFA00A73174 /* SwiftUrlAccessTimeout.app */ = {isa = PBXFileReference; explicitFileType = wrapper.application; includeInIndex = 0; path = SwiftUrlAccessTimeout.app; sourceTree = BUILT_PRODUCTS_DIR; };
		D51C792B200B0BFA00A73174 /* AppDelegate.swift */ = {isa = PBXFileReference; lastKnownFileType = sourcecode.swift; path = AppDelegate.swift; sourceTree = "<group>"; };
		D51C792D200B0BFA00A73174 /* ViewController.swift */ = {isa = PBXFileReference; lastKnownFileType = sourcecode.swift; path = ViewController.swift; sourceTree = "<group>"; };
		D51C7930200B0BFA00A73174 /* Base */ = {isa = PBXFileReference; lastKnownFileType = file.storyboard; name = Base; path = Base.lproj/Main.storyboard; sourceTree = "<group>"; };
		D51C7932200B0BFA00A73174 /* Assets.xcassets */ = {isa = PBXFileReference; lastKnownFileType = folder.assetcatalog; path = Assets.xcassets; sourceTree = "<group>"; };
		D51C7935200B0BFA00A73174 /* Base */ = {isa = PBXFileReference; lastKnownFileType = file.storyboard; name = Base; path = Base.lproj/LaunchScreen.storyboard; sourceTree = "<group>"; };
		D51C7937200B0BFA00A73174 /* Info.plist */ = {isa = PBXFileReference; lastKnownFileType = text.plist.xml; path = Info.plist; sourceTree = "<group>"; };
/* End PBXFileReference section */

/* Begin PBXFrameworksBuildPhase section */
		D51C7925200B0BFA00A73174 /* Frameworks */ = {
			isa = PBXFrameworksBuildPhase;
			buildActionMask = 2147483647;
			files = (
			);
			runOnlyForDeploymentPostprocessing = 0;
		};
/* End PBXFrameworksBuildPhase section */

/* Begin PBXGroup section */
		D51C791F200B0BFA00A73174 = {
			isa = PBXGroup;
			children = (
				D51C792A200B0BFA00A73174 /* SwiftUrlAccessTimeout */,
				D51C7929200B0BFA00A73174 /* Products */,
			);
			sourceTree = "<group>";
		};
		D51C7929200B0BFA00A73174 /* Products */ = {
			isa = PBXGroup;
			children = (
				D51C7928200B0BFA00A73174 /* SwiftUrlAccessTimeout.app */,
			);
			name = Products;
			sourceTree = "<group>";
		};
		D51C792A200B0BFA00A73174 /* SwiftUrlAccessTimeout */ = {
			isa = PBXGroup;
			children = (
				D51C792B200B0BFA00A73174 /* AppDelegate.swift */,
				D51C792D200B0BFA00A73174 /* ViewController.swift */,
				D51C792F200B0BFA00A73174 /* Main.storyboard */,
				D51C7932200B0BFA00A73174 /* Assets.xcassets */,
				D51C7934200B0BFA00A73174 /* LaunchScreen.storyboard */,
				D51C7937200B0BFA00A73174 /* Info.plist */,
			);
			path = SwiftUrlAccessTimeout;
			sourceTree = "<group>";
		};
/* End PBXGroup section */

/* Begin PBXNativeTarget section */
		D51C7927200B0BFA00A73174 /* SwiftUrlAccessTimeout */ = {
			isa = PBXNativeTarget;
			buildConfigurationList = D51C793A200B0BFA00A73174 /* Build configuration list for PBXNativeTarget "SwiftUrlAccessTimeout" */;
			buildPhases = (
				D51C7924200B0BFA00A73174 /* Sources */,
				D51C7925200B0BFA00A73174 /* Frameworks */,
				D51C7926200B0BFA00A73174 /* Resources */,
			);
			buildRules = (
			);
			dependencies = (
			);
			name = SwiftUrlAccessTimeout;
			productName = SwiftUrlAccessTimeout;
			productReference = D51C7928200B0BFA00A73174 /* SwiftUrlAccessTimeout.app */;
			productType = "com.apple.product-type.application";
		};
/* End PBXNativeTarget section */

/* Begin PBXProject section */
		D51C7920200B0BFA00A73174 /* Project object */ = {
			isa = PBXProject;
			attributes = {
				LastSwiftUpdateCheck = 0920;
				LastUpgradeCheck = 0920;
				ORGANIZATIONNAME = "上田陽介";
				TargetAttributes = {
					D51C7927200B0BFA00A73174 = {
						CreatedOnToolsVersion = 9.2;
						ProvisioningStyle = Automatic;
					};
				};
			};
			buildConfigurationList = D51C7923200B0BFA00A73174 /* Build configuration list for PBXProject "SwiftUrlAccessTimeout" */;
			compatibilityVersion = "Xcode 8.0";
			developmentRegion = en;
			hasScannedForEncodings = 0;
			knownRegions = (
				en,
				Base,
			);
			mainGroup = D51C791F200B0BFA00A73174;
			productRefGroup = D51C7929200B0BFA00A73174 /* Products */;
			projectDirPath = "";
			projectRoot = "";
			targets = (
				D51C7927200B0BFA00A73174 /* SwiftUrlAccessTimeout */,
			);
		};
/* End PBXProject section */

/* Begin PBXResourcesBuildPhase section */
		D51C7926200B0BFA00A73174 /* Resources */ = {
			isa = PBXResourcesBuildPhase;
			buildActionMask = 2147483647;
			files = (
				D51C7936200B0BFA00A73174 /* LaunchScreen.storyboard in Resources */,
				D51C7933200B0BFA00A73174 /* Assets.xcassets in Resources */,
				D51C7931200B0BFA00A73174 /* Main.storyboard in Resources */,
			);
			runOnlyForDeploymentPostprocessing = 0;
		};
/* End PBXResourcesBuildPhase section */

/* Begin PBXSourcesBuildPhase section */
		D51C7924200B0BFA00A73174 /* Sources */ = {
			isa = PBXSourcesBuildPhase;
			buildActionMask = 2147483647;
			files = (
				D51C792E200B0BFA00A73174 /* ViewController.swift in Sources */,
				D51C792C200B0BFA00A73174 /* AppDelegate.swift in Sources */,
			);
			runOnlyForDeploymentPostprocessing = 0;
		};
/* End PBXSourcesBuildPhase section */

/* Begin PBXVariantGroup section */
		D51C792F200B0BFA00A73174 /* Main.storyboard */ = {
			isa = PBXVariantGroup;
			children = (
				D51C7930200B0BFA00A73174 /* Base */,
			);
			name = Main.storyboard;
			sourceTree = "<group>";
		};
		D51C7934200B0BFA00A73174 /* LaunchScreen.storyboard */ = {
			isa = PBXVariantGroup;
			children = (
				D51C7935200B0BFA00A73174 /* Base */,
			);
			name = LaunchScreen.storyboard;
			sourceTree = "<group>";
		};
/* End PBXVariantGroup section */

/* Begin XCBuildConfiguration section */
		D51C7938200B0BFA00A73174 /* Debug */ = {
			isa = XCBuildConfiguration;
			buildSettings = {
				ALWAYS_SEARCH_USER_PATHS = NO;
				CLANG_ANALYZER_NONNULL = YES;
				CLANG_ANALYZER_NUMBER_OBJECT_CONVERSION = YES_AGGRESSIVE;
				CLANG_CXX_LANGUAGE_STANDARD = "gnu++14";
				CLANG_CXX_LIBRARY = "libc++";
				CLANG_ENABLE_MODULES = YES;
				CLANG_ENABLE_OBJC_ARC = YES;
				CLANG_WARN_BLOCK_CAPTURE_AUTORELEASING = YES;
				CLANG_WARN_BOOL_CONVERSION = YES;
				CLANG_WARN_COMMA = YES;
				CLANG_WARN_CONSTANT_CONVERSION = YES;
				CLANG_WARN_DIRECT_OBJC_ISA_USAGE = YES_ERROR;
				CLANG_WARN_DOCUMENTATION_COMMENTS = YES;
				CLANG_WARN_EMPTY_BODY = YES;
				CLANG_WARN_ENUM_CONVERSION = YES;
				CLANG_WARN_INFINITE_RECURSION = YES;
				CLANG_WARN_INT_CONVERSION = YES;
				CLANG_WARN_NON_LITERAL_NULL_CONVERSION = YES;
				CLANG_WARN_OBJC_LITERAL_CONVERSION = YES;
				CLANG_WARN_OBJC_ROOT_CLASS = YES_ERROR;
				CLANG_WARN_RANGE_LOOP_ANALYSIS = YES;
				CLANG_WARN_STRICT_PROTOTYPES = YES;
				CLANG_WARN_SUSPICIOUS_MOVE = YES;
				CLANG_WARN_UNGUARDED_AVAILABILITY = YES_AGGRESSIVE;
				CLANG_WARN_UNREACHABLE_CODE = YES;
				CLANG_WARN__DUPLICATE_METHOD_MATCH = YES;
				CODE_SIGN_IDENTITY = "iPhone Developer";
				COPY_PHASE_STRIP = NO;
				DEBUG_INFORMATION_FORMAT = dwarf;
				ENABLE_STRICT_OBJC_MSGSEND = YES;
				ENABLE_TESTABILITY = YES;
				GCC_C_LANGUAGE_STANDARD = gnu11;
				GCC_DYNAMIC_NO_PIC = NO;
				GCC_NO_COMMON_BLOCKS = YES;
				GCC_OPTIMIZATION_LEVEL = 0;
				GCC_PREPROCESSOR_DEFINITIONS = (
					"DEBUG=1",
					"$(inherited)",
				);
				GCC_WARN_64_TO_32_BIT_CONVERSION = YES;
				GCC_WARN_ABOUT_RETURN_TYPE = YES_ERROR;
				GCC_WARN_UNDECLARED_SELECTOR = YES;
				GCC_WARN_UNINITIALIZED_AUTOS = YES_AGGRESSIVE;
				GCC_WARN_UNUSED_FUNCTION = YES;
				GCC_WARN_UNUSED_VARIABLE = YES;
				IPHONEOS_DEPLOYMENT_TARGET = 11.2;
				MTL_ENABLE_DEBUG_INFO = YES;
				ONLY_ACTIVE_ARCH = YES;
				SDKROOT = iphoneos;
				SWIFT_ACTIVE_COMPILATION_CONDITIONS = DEBUG;
				SWIFT_OPTIMIZATION_LEVEL = "-Onone";
			};
			name = Debug;
		};
		D51C7939200B0BFA00A73174 /* Release */ = {
			isa = XCBuildConfiguration;
			buildSettings = {
				ALWAYS_SEARCH_USER_PATHS = NO;
				CLANG_ANALYZER_NONNULL = YES;
				CLANG_ANALYZER_NUMBER_OBJECT_CONVERSION = YES_AGGRESSIVE;
				CLANG_CXX_LANGUAGE_STANDARD = "gnu++14";
				CLANG_CXX_LIBRARY = "libc++";
				CLANG_ENABLE_MODULES = YES;
				CLANG_ENABLE_OBJC_ARC = YES;
				CLANG_WARN_BLOCK_CAPTURE_AUTORELEASING = YES;
				CLANG_WARN_BOOL_CONVERSION = YES;
				CLANG_WARN_COMMA = YES;
				CLANG_WARN_CONSTANT_CONVERSION = YES;
				CLANG_WARN_DIRECT_OBJC_ISA_USAGE = YES_ERROR;
				CLANG_WARN_DOCUMENTATION_COMMENTS = YES;
				CLANG_WARN_EMPTY_BODY = YES;
				CLANG_WARN_ENUM_CONVERSION = YES;
				CLANG_WARN_INFINITE_RECURSION = YES;
				CLANG_WARN_INT_CONVERSION = YES;
				CLANG_WARN_NON_LITERAL_NULL_CONVERSION = YES;
				CLANG_WARN_OBJC_LITERAL_CONVERSION = YES;
				CLANG_WARN_OBJC_ROOT_CLASS = YES_ERROR;
				CLANG_WARN_RANGE_LOOP_ANALYSIS = YES;
				CLANG_WARN_STRICT_PROTOTYPES = YES;
				CLANG_WARN_SUSPICIOUS_MOVE = YES;
				CLANG_WARN_UNGUARDED_AVAILABILITY = YES_AGGRESSIVE;
				CLANG_WARN_UNREACHABLE_CODE = YES;
				CLANG_WARN__DUPLICATE_METHOD_MATCH = YES;
				CODE_SIGN_IDENTITY = "iPhone Developer";
				COPY_PHASE_STRIP = NO;
				DEBUG_INFORMATION_FORMAT = "dwarf-with-dsym";
				ENABLE_NS_ASSERTIONS = NO;
				ENABLE_STRICT_OBJC_MSGSEND = YES;
				GCC_C_LANGUAGE_STANDARD = gnu11;
				GCC_NO_COMMON_BLOCKS = YES;
				GCC_WARN_64_TO_32_BIT_CONVERSION = YES;
				GCC_WARN_ABOUT_RETURN_TYPE = YES_ERROR;
				GCC_WARN_UNDECLARED_SELECTOR = YES;
				GCC_WARN_UNINITIALIZED_AUTOS = YES_AGGRESSIVE;
				GCC_WARN_UNUSED_FUNCTION = YES;
				GCC_WARN_UNUSED_VARIABLE = YES;
				IPHONEOS_DEPLOYMENT_TARGET = 11.2;
				MTL_ENABLE_DEBUG_INFO = NO;
				SDKROOT = iphoneos;
				SWIFT_OPTIMIZATION_LEVEL = "-Owholemodule";
				VALIDATE_PRODUCT = YES;
			};
			name = Release;
		};
		D51C793B200B0BFA00A73174 /* Debug */ = {
			isa = XCBuildConfiguration;
			buildSettings = {
				ASSETCATALOG_COMPILER_APPICON_NAME = AppIcon;
				CODE_SIGN_STYLE = Automatic;
				DEVELOPMENT_TEAM = 27DWBY94BG;
				INFOPLIST_FILE = SwiftUrlAccessTimeout/Info.plist;
				LD_RUNPATH_SEARCH_PATHS = "$(inherited) @executable_path/Frameworks";
				PRODUCT_BUNDLE_IDENTIFIER = None.SwiftUrlAccessTimeout;
				PRODUCT_NAME = "$(TARGET_NAME)";
				SWIFT_VERSION = 4.0;
				TARGETED_DEVICE_FAMILY = "1,2";
			};
			name = Debug;
		};
		D51C793C200B0BFA00A73174 /* Release */ = {
			isa = XCBuildConfiguration;
			buildSettings = {
				ASSETCATALOG_COMPILER_APPICON_NAME = AppIcon;
				CODE_SIGN_STYLE = Automatic;
				DEVELOPMENT_TEAM = 27DWBY94BG;
				INFOPLIST_FILE = SwiftUrlAccessTimeout/Info.plist;
				LD_RUNPATH_SEARCH_PATHS = "$(inherited) @executable_path/Frameworks";
				PRODUCT_BUNDLE_IDENTIFIER = None.SwiftUrlAccessTimeout;
				PRODUCT_NAME = "$(TARGET_NAME)";
				SWIFT_VERSION = 4.0;
				TARGETED_DEVICE_FAMILY = "1,2";
			};
			name = Release;
		};
/* End XCBuildConfiguration section */

/* Begin XCConfigurationList section */
		D51C7923200B0BFA00A73174 /* Build configuration list for PBXProject "SwiftUrlAccessTimeout" */ = {
			isa = XCConfigurationList;
			buildConfigurations = (
				D51C7938200B0BFA00A73174 /* Debug */,
				D51C7939200B0BFA00A73174 /* Release */,
			);
			defaultConfigurationIsVisible = 0;
			defaultConfigurationName = Release;
		};
		D51C793A200B0BFA00A73174 /* Build configuration list for PBXNativeTarget "SwiftUrlAccessTimeout" */ = {
			isa = XCConfigurationList;
			buildConfigurations = (
				D51C793B200B0BFA00A73174 /* Debug */,
				D51C793C200B0BFA00A73174 /* Release */,
			);
			defaultConfigurationIsVisible = 0;
			defaultConfigurationName = Release;
		};
/* End XCConfigurationList section */
	};
	rootObject = D51C7920200B0BFA00A73174 /* Project object */;
}
